hash: 7a2958863fb857e7ed28e42c0a4c9280df813d86db4db13ccb183f374c36ec55
updated: 2018-03-28T10:55:44.776586421-05:00
imports:
- name: github.com/franela/goblin
  version: 74c9fe110d4bfd04c222a089a309e0a97e258534
- name: github.com/onsi/gomega
  version: 003f63b7f4cff3fc95357005358af2de0f5fe152
testImports: []
