hash: 74f3c078f27355c67f89eb2f0efa604011c2efc864b3f6b7202ca8ee40180d4a
updated: 2018-03-28T11:07:13.497158783-05:00
imports:
- name: github.com/franela/goblin
  version: 74c9fe110d4bfd04c222a089a309e0a97e258534
- name: github.com/onsi/gomega
  version: 003f63b7f4cff3fc95357005358af2de0f5fe152
  subpackages:
  - format
  - internal/assertion
  - internal/asyncassertion
  - internal/oraclematcher
  - internal/testingtsupport
  - matchers
  - matchers/support/goraph/bipartitegraph
  - matchers/support/goraph/edge
  - matchers/support/goraph/node
  - matchers/support/goraph/util
  - types
- name: golang.org/x/net
  version: 6078986fec03a1dcc236c34816c71b0e05018fda
  subpackages:
  - html
  - html/atom
  - html/charset
testImports:
- name: golang.org/x/text
  version: ece95c760240037f89ebcbdd7155ac8cb52e38fa
  subpackages:
  - encoding
  - encoding/charmap
  - encoding/htmlindex
  - encoding/internal
  - encoding/internal/identifier
  - encoding/japanese
  - encoding/korean
  - encoding/simplifiedchinese
  - encoding/traditionalchinese
  - encoding/unicode
  - internal/language
  - internal/language/compact
  - internal/tag
  - internal/utf8internal
  - language
  - runes
  - transform
- name: gopkg.in/yaml.v2
  version: 3b4ad1db5b2a649883ff3782f5f9f6fb52be71af
